
Microsoft Visual Studio Solution File, Format Version 12.00
# Visual Studio 15
VisualStudioVersion = 15.0.28307.1062
MinimumVisualStudioVersion = 10.0.40219.1
Project("{FAE04EC0-301F-11D3-BF4B-00C04F79EFBC}") = "Builder_WK", "Builder_WK\Builder_WK.csproj", "{BB06FB71-E93C-4997-9354-27873430A852}"
EndProject
Global
	GlobalSection(SolutionConfigurationPlatforms) = preSolution
		Debug|Any CPU = Debug|Any CPU
		Release|Any CPU = Release|Any CPU
	EndGlobalSection
	GlobalSection(ProjectConfigurationPlatforms) = postSolution
		{BB06FB71-E93C-4997-9354-27873430A852}.Debug|Any CPU.ActiveCfg = Debug|Any CPU
		{BB06FB71-E93C-4997-9354-27873430A852}.Debug|Any CPU.Build.0 = Debug|Any CPU
		{BB06FB71-E93C-4997-9354-27873430A852}.Release|Any CPU.ActiveCfg = Release|Any CPU
		{BB06FB71-E93C-4997-9354-27873430A852}.Release|Any CPU.Build.0 = Release|Any CPU
	EndGlobalSection
	GlobalSection(SolutionProperties) = preSolution
		HideSolutionNode = FALSE
	EndGlobalSection
	GlobalSection(ExtensibilityGlobals) = postSolution
		SolutionGuid = {086B2647-02FC-47EA-92DF-D41844856385}
	EndGlobalSection
EndGlobal
