
Microsoft Visual Studio Solution File, Format Version 12.00
# Visual Studio 15
VisualStudioVersion = 15.0.28307.1062
MinimumVisualStudioVersion = 10.0.40219.1
Project("{FAE04EC0-301F-11D3-BF4B-00C04F79EFBC}") = "Composite_WK", "Composite_WK\Composite_WK.csproj", "{35B2FEEC-7B4F-461A-8569-3915B91B22FF}"
EndProject
Global
	GlobalSection(SolutionConfigurationPlatforms) = preSolution
		Debug|Any CPU = Debug|Any CPU
		Release|Any CPU = Release|Any CPU
	EndGlobalSection
	GlobalSection(ProjectConfigurationPlatforms) = postSolution
		{35B2FEEC-7B4F-461A-8569-3915B91B22FF}.Debug|Any CPU.ActiveCfg = Debug|Any CPU
		{35B2FEEC-7B4F-461A-8569-3915B91B22FF}.Debug|Any CPU.Build.0 = Debug|Any CPU
		{35B2FEEC-7B4F-461A-8569-3915B91B22FF}.Release|Any CPU.ActiveCfg = Release|Any CPU
		{35B2FEEC-7B4F-461A-8569-3915B91B22FF}.Release|Any CPU.Build.0 = Release|Any CPU
	EndGlobalSection
	GlobalSection(SolutionProperties) = preSolution
		HideSolutionNode = FALSE
	EndGlobalSection
	GlobalSection(ExtensibilityGlobals) = postSolution
		SolutionGuid = {171F5E17-99BE-4629-BA81-A15D4572B2ED}
	EndGlobalSection
EndGlobal
